{
  "requires": true,
  "lockfileVersion": 1,
  "dependencies": {
    "popper.js": {
      "version": "1.12.9",
      "resolved": "https://registry.npmjs.org/popper.js/-/popper.js-1.12.9.tgz",
      "integrity": "sha1-DfvC3/lsRRuzMu3Pz6r1ZtMx1bM="
    },
    "tippy.js": {
      "version": "2.0.8",
      "resolved": "https://registry.npmjs.org/tippy.js/-/tippy.js-2.0.8.tgz",
      "integrity": "sha512-GbEV0iQHE9NS/J3W2OBTM3evYjJV4P88axZeB9E6iyJz8+h/m75fL8wg2OW/U0c98K7qnrgLZ0plPucBpULpDw==",
      "requires": {
        "popper.js": "1.12.9"
      }
    }
  }
}
